// !$*UTF8*$!
{
	archiveVersion = 1;
	classes = {
	};
	objectVersion = 46;
	objects = {

/* Begin PBXBuildFile section */
		464B8D87725462EF42CF856A /* Pods_RainyShinyCloudyUITests.framework in Frameworks */ = {isa = PBXBuildFile; fileRef = 654997913F71E0FCDB8427B2 /* Pods_RainyShinyCloudyUITests.framework */; };
		63598A077844B9F4C0BF708A /* Pods_RainyShinyCloudy_RainyShinyCloudyTests.framework in Frameworks */ = {isa = PBXBuildFile; fileRef = A2AADED9FCEBD4BE6B439A1B /* Pods_RainyShinyCloudy_RainyShinyCloudyTests.framework */; };
		790F528E1DC1887E00BEB615 /* AppDelegate.swift in Sources */ = {isa = PBXBuildFile; fileRef = 790F528D1DC1887E00BEB615 /* AppDelegate.swift */; };
		790F52901DC1887E00BEB615 /* WeatherVC.swift in Sources */ = {isa = PBXBuildFile; fileRef = 790F528F1DC1887E00BEB615 /* WeatherVC.swift */; };
		790F52931DC1887E00BEB615 /* Main.storyboard in Resources */ = {isa = PBXBuildFile; fileRef = 790F52911DC1887E00BEB615 /* Main.storyboard */; };
		790F52951DC1887E00BEB615 /* Assets.xcassets in Resources */ = {isa = PBXBuildFile; fileRef = 790F52941DC1887E00BEB615 /* Assets.xcassets */; };
		790F52981DC1887E00BEB615 /* LaunchScreen.storyboard in Resources */ = {isa = PBXBuildFile; fileRef = 790F52961DC1887E00BEB615 /* LaunchScreen.storyboard */; };
		790F52A31DC1887E00BEB615 /* RainyShinyCloudyTests.swift in Sources */ = {isa = PBXBuildFile; fileRef = 790F52A21DC1887E00BEB615 /* RainyShinyCloudyTests.swift */; };
		790F52AE1DC1887E00BEB615 /* RainyShinyCloudyUITests.swift in Sources */ = {isa = PBXBuildFile; fileRef = 790F52AD1DC1887E00BEB615 /* RainyShinyCloudyUITests.swift */; };
		793C1AFF1DCF88480070CA50 /* Constants.swift in Sources */ = {isa = PBXBuildFile; fileRef = 793C1AFE1DCF88480070CA50 /* Constants.swift */; };
		793C1B011DCF8A4D0070CA50 /* CurrentWeather.swift in Sources */ = {isa = PBXBuildFile; fileRef = 793C1B001DCF8A4D0070CA50 /* CurrentWeather.swift */; };
		79537C691DE29B4D00333ACB /* Alamofire.framework in Frameworks */ = {isa = PBXBuildFile; fileRef = 79537C681DE29B4D00333ACB /* Alamofire.framework */; };
		C9B1D4D5625F0F1D20332B00 /* Pods_RainyShinyCloudyTests.framework in Frameworks */ = {isa = PBXBuildFile; fileRef = BD232D18A3A1F63C447393DB /* Pods_RainyShinyCloudyTests.framework */; };
		E003AFA0B494D7C3C21139EF /* Pods_RainyShinyCloudy.framework in Frameworks */ = {isa = PBXBuildFile; fileRef = 495685B5FF74F08F20D03EC9 /* Pods_RainyShinyCloudy.framework */; };
/* End PBXBuildFile section */

/* Begin PBXContainerItemProxy section */
		790F529F1DC1887E00BEB615 /* PBXContainerItemProxy */ = {
			isa = PBXContainerItemProxy;
			containerPortal = 790F52821DC1887D00BEB615 /* Project object */;
			proxyType = 1;
			remoteGlobalIDString = 790F52891DC1887D00BEB615;
			remoteInfo = RainyShinyCloudy;
		};
		790F52AA1DC1887E00BEB615 /* PBXContainerItemProxy */ = {
			isa = PBXContainerItemProxy;
			containerPortal = 790F52821DC1887D00BEB615 /* Project object */;
			proxyType = 1;
			remoteGlobalIDString = 790F52891DC1887D00BEB615;
			remoteInfo = RainyShinyCloudy;
		};
/* End PBXContainerItemProxy section */

/* Begin PBXFileReference section */
		00A3F3E28D480E0B3A43AC29 /* Pods-RainyShinyCloudy.debug.xcconfig */ = {isa = PBXFileReference; includeInIndex = 1; lastKnownFileType = text.xcconfig; name = "Pods-RainyShinyCloudy.debug.xcconfig"; path = "Pods/Target Support Files/Pods-RainyShinyCloudy/Pods-RainyShinyCloudy.debug.xcconfig"; sourceTree = "<group>"; };
		19C5EF470776A8C70921AC62 /* Pods-RainyShinyCloudyTests.release.xcconfig */ = {isa = PBXFileReference; includeInIndex = 1; lastKnownFileType = text.xcconfig; name = "Pods-RainyShinyCloudyTests.release.xcconfig"; path = "Pods/Target Support Files/Pods-RainyShinyCloudyTests/Pods-RainyShinyCloudyTests.release.xcconfig"; sourceTree = "<group>"; };
		495685B5FF74F08F20D03EC9 /* Pods_RainyShinyCloudy.framework */ = {isa = PBXFileReference; explicitFileType = wrapper.framework; includeInIndex = 0; path = Pods_RainyShinyCloudy.framework; sourceTree = BUILT_PRODUCTS_DIR; };
		5E0D739A6B2005C4A2B27635 /* Pods-RainyShinyCloudy-RainyShinyCloudyTests.debug.xcconfig */ = {isa = PBXFileReference; includeInIndex = 1; lastKnownFileType = text.xcconfig; name = "Pods-RainyShinyCloudy-RainyShinyCloudyTests.debug.xcconfig"; path = "Pods/Target Support Files/Pods-RainyShinyCloudy-RainyShinyCloudyTests/Pods-RainyShinyCloudy-RainyShinyCloudyTests.debug.xcconfig"; sourceTree = "<group>"; };
		654997913F71E0FCDB8427B2 /* Pods_RainyShinyCloudyUITests.framework */ = {isa = PBXFileReference; explicitFileType = wrapper.framework; includeInIndex = 0; path = Pods_RainyShinyCloudyUITests.framework; sourceTree = BUILT_PRODUCTS_DIR; };
		790F528A1DC1887E00BEB615 /* RainyShinyCloudy.app */ = {isa = PBXFileReference; explicitFileType = wrapper.application; includeInIndex = 0; path = RainyShinyCloudy.app; sourceTree = BUILT_PRODUCTS_DIR; };
		790F528D1DC1887E00BEB615 /* AppDelegate.swift */ = {isa = PBXFileReference; lastKnownFileType = sourcecode.swift; path = AppDelegate.swift; sourceTree = "<group>"; };
		790F528F1DC1887E00BEB615 /* WeatherVC.swift */ = {isa = PBXFileReference; lastKnownFileType = sourcecode.swift; path = WeatherVC.swift; sourceTree = "<group>"; };
		790F52921DC1887E00BEB615 /* Base */ = {isa = PBXFileReference; lastKnownFileType = file.storyboard; name = Base; path = Base.lproj/Main.storyboard; sourceTree = "<group>"; };
		790F52941DC1887E00BEB615 /* Assets.xcassets */ = {isa = PBXFileReference; lastKnownFileType = folder.assetcatalog; path = Assets.xcassets; sourceTree = "<group>"; };
		790F52971DC1887E00BEB615 /* Base */ = {isa = PBXFileReference; lastKnownFileType = file.storyboard; name = Base; path = Base.lproj/LaunchScreen.storyboard; sourceTree = "<group>"; };
		790F52991DC1887E00BEB615 /* Info.plist */ = {isa = PBXFileReference; lastKnownFileType = text.plist.xml; path = Info.plist; sourceTree = "<group>"; };
		790F529E1DC1887E00BEB615 /* RainyShinyCloudyTests.xctest */ = {isa = PBXFileReference; explicitFileType = wrapper.cfbundle; includeInIndex = 0; path = RainyShinyCloudyTests.xctest; sourceTree = BUILT_PRODUCTS_DIR; };
		790F52A21DC1887E00BEB615 /* RainyShinyCloudyTests.swift */ = {isa = PBXFileReference; lastKnownFileType = sourcecode.swift; path = RainyShinyCloudyTests.swift; sourceTree = "<group>"; };
		790F52A41DC1887E00BEB615 /* Info.plist */ = {isa = PBXFileReference; lastKnownFileType = text.plist.xml; path = Info.plist; sourceTree = "<group>"; };
		790F52A91DC1887E00BEB615 /* RainyShinyCloudyUITests.xctest */ = {isa = PBXFileReference; explicitFileType = wrapper.cfbundle; includeInIndex = 0; path = RainyShinyCloudyUITests.xctest; sourceTree = BUILT_PRODUCTS_DIR; };
		790F52AD1DC1887E00BEB615 /* RainyShinyCloudyUITests.swift */ = {isa = PBXFileReference; lastKnownFileType = sourcecode.swift; path = RainyShinyCloudyUITests.swift; sourceTree = "<group>"; };
		790F52AF1DC1887E00BEB615 /* Info.plist */ = {isa = PBXFileReference; lastKnownFileType = text.plist.xml; path = Info.plist; sourceTree = "<group>"; };
		793C1AFE1DCF88480070CA50 /* Constants.swift */ = {isa = PBXFileReference; fileEncoding = 4; lastKnownFileType = sourcecode.swift; path = Constants.swift; sourceTree = "<group>"; };
		793C1B001DCF8A4D0070CA50 /* CurrentWeather.swift */ = {isa = PBXFileReference; fileEncoding = 4; lastKnownFileType = sourcecode.swift; path = CurrentWeather.swift; sourceTree = "<group>"; };
		79537C681DE29B4D00333ACB /* Alamofire.framework */ = {isa = PBXFileReference; lastKnownFileType = wrapper.framework; name = Alamofire.framework; path = "Pods/../build/Release-iphoneos/Alamofire/Alamofire.framework"; sourceTree = "<group>"; };
		859A48627139F88231663175 /* Pods-RainyShinyCloudyUITests.debug.xcconfig */ = {isa = PBXFileReference; includeInIndex = 1; lastKnownFileType = text.xcconfig; name = "Pods-RainyShinyCloudyUITests.debug.xcconfig"; path = "Pods/Target Support Files/Pods-RainyShinyCloudyUITests/Pods-RainyShinyCloudyUITests.debug.xcconfig"; sourceTree = "<group>"; };
		8C27024A6FED5517CF28B6F9 /* Pods-RainyShinyCloudyTests.debug.xcconfig */ = {isa = PBXFileReference; includeInIndex = 1; lastKnownFileType = text.xcconfig; name = "Pods-RainyShinyCloudyTests.debug.xcconfig"; path = "Pods/Target Support Files/Pods-RainyShinyCloudyTests/Pods-RainyShinyCloudyTests.debug.xcconfig"; sourceTree = "<group>"; };
		A2AADED9FCEBD4BE6B439A1B /* Pods_RainyShinyCloudy_RainyShinyCloudyTests.framework */ = {isa = PBXFileReference; explicitFileType = wrapper.framework; includeInIndex = 0; path = Pods_RainyShinyCloudy_RainyShinyCloudyTests.framework; sourceTree = BUILT_PRODUCTS_DIR; };
		BD232D18A3A1F63C447393DB /* Pods_RainyShinyCloudyTests.framework */ = {isa = PBXFileReference; explicitFileType = wrapper.framework; includeInIndex = 0; path = Pods_RainyShinyCloudyTests.framework; sourceTree = BUILT_PRODUCTS_DIR; };
		C2D125684DF298C8F58B0E01 /* Pods-RainyShinyCloudy.release.xcconfig */ = {isa = PBXFileReference; includeInIndex = 1; lastKnownFileType = text.xcconfig; name = "Pods-RainyShinyCloudy.release.xcconfig"; path = "Pods/Target Support Files/Pods-RainyShinyCloudy/Pods-RainyShinyCloudy.release.xcconfig"; sourceTree = "<group>"; };
		C74871D2B04DA98FBFF7EDAA /* Pods-RainyShinyCloudy-RainyShinyCloudyTests.release.xcconfig */ = {isa = PBXFileReference; includeInIndex = 1; lastKnownFileType = text.xcconfig; name = "Pods-RainyShinyCloudy-RainyShinyCloudyTests.release.xcconfig"; path = "Pods/Target Support Files/Pods-RainyShinyCloudy-RainyShinyCloudyTests/Pods-RainyShinyCloudy-RainyShinyCloudyTests.release.xcconfig"; sourceTree = "<group>"; };
		DFCD2532945D38667BD26038 /* Pods-RainyShinyCloudyUITests.release.xcconfig */ = {isa = PBXFileReference; includeInIndex = 1; lastKnownFileType = text.xcconfig; name = "Pods-RainyShinyCloudyUITests.release.xcconfig"; path = "Pods/Target Support Files/Pods-RainyShinyCloudyUITests/Pods-RainyShinyCloudyUITests.release.xcconfig"; sourceTree = "<group>"; };
/* End PBXFileReference section */

/* Begin PBXFrameworksBuildPhase section */
		790F52871DC1887D00BEB615 /* Frameworks */ = {
			isa = PBXFrameworksBuildPhase;
			buildActionMask = 2147483647;
			files = (
				79537C691DE29B4D00333ACB /* Alamofire.framework in Frameworks */,
				E003AFA0B494D7C3C21139EF /* Pods_RainyShinyCloudy.framework in Frameworks */,
			);
			runOnlyForDeploymentPostprocessing = 0;
		};
		790F529B1DC1887E00BEB615 /* Frameworks */ = {
			isa = PBXFrameworksBuildPhase;
			buildActionMask = 2147483647;
			files = (
				C9B1D4D5625F0F1D20332B00 /* Pods_RainyShinyCloudyTests.framework in Frameworks */,
				63598A077844B9F4C0BF708A /* Pods_RainyShinyCloudy_RainyShinyCloudyTests.framework in Frameworks */,
			);
			runOnlyForDeploymentPostprocessing = 0;
		};
		790F52A61DC1887E00BEB615 /* Frameworks */ = {
			isa = PBXFrameworksBuildPhase;
			buildActionMask = 2147483647;
			files = (
				464B8D87725462EF42CF856A /* Pods_RainyShinyCloudyUITests.framework in Frameworks */,
			);
			runOnlyForDeploymentPostprocessing = 0;
		};
/* End PBXFrameworksBuildPhase section */

/* Begin PBXGroup section */
		1CD346CAFA82E73344049AB5 /* Pods */ = {
			isa = PBXGroup;
			children = (
				00A3F3E28D480E0B3A43AC29 /* Pods-RainyShinyCloudy.debug.xcconfig */,
				C2D125684DF298C8F58B0E01 /* Pods-RainyShinyCloudy.release.xcconfig */,
				8C27024A6FED5517CF28B6F9 /* Pods-RainyShinyCloudyTests.debug.xcconfig */,
				19C5EF470776A8C70921AC62 /* Pods-RainyShinyCloudyTests.release.xcconfig */,
				859A48627139F88231663175 /* Pods-RainyShinyCloudyUITests.debug.xcconfig */,
				DFCD2532945D38667BD26038 /* Pods-RainyShinyCloudyUITests.release.xcconfig */,
				5E0D739A6B2005C4A2B27635 /* Pods-RainyShinyCloudy-RainyShinyCloudyTests.debug.xcconfig */,
				C74871D2B04DA98FBFF7EDAA /* Pods-RainyShinyCloudy-RainyShinyCloudyTests.release.xcconfig */,
			);
			name = Pods;
			sourceTree = "<group>";
		};
		790F52811DC1887D00BEB615 = {
			isa = PBXGroup;
			children = (
				790F528C1DC1887E00BEB615 /* RainyShinyCloudy */,
				790F52A11DC1887E00BEB615 /* RainyShinyCloudyTests */,
				790F52AC1DC1887E00BEB615 /* RainyShinyCloudyUITests */,
				790F528B1DC1887E00BEB615 /* Products */,
				1CD346CAFA82E73344049AB5 /* Pods */,
				FB3046DCC036F3EEA2495787 /* Frameworks */,
			);
			sourceTree = "<group>";
		};
		790F528B1DC1887E00BEB615 /* Products */ = {
			isa = PBXGroup;
			children = (
				790F528A1DC1887E00BEB615 /* RainyShinyCloudy.app */,
				790F529E1DC1887E00BEB615 /* RainyShinyCloudyTests.xctest */,
				790F52A91DC1887E00BEB615 /* RainyShinyCloudyUITests.xctest */,
			);
			name = Products;
			sourceTree = "<group>";
		};
		790F528C1DC1887E00BEB615 /* RainyShinyCloudy */ = {
			isa = PBXGroup;
			children = (
				790F528D1DC1887E00BEB615 /* AppDelegate.swift */,
				790F528F1DC1887E00BEB615 /* WeatherVC.swift */,
				790F52911DC1887E00BEB615 /* Main.storyboard */,
				790F52941DC1887E00BEB615 /* Assets.xcassets */,
				790F52961DC1887E00BEB615 /* LaunchScreen.storyboard */,
				790F52991DC1887E00BEB615 /* Info.plist */,
				793C1AFE1DCF88480070CA50 /* Constants.swift */,
				793C1B001DCF8A4D0070CA50 /* CurrentWeather.swift */,
			);
			path = RainyShinyCloudy;
			sourceTree = "<group>";
		};
		790F52A11DC1887E00BEB615 /* RainyShinyCloudyTests */ = {
			isa = PBXGroup;
			children = (
				790F52A21DC1887E00BEB615 /* RainyShinyCloudyTests.swift */,
				790F52A41DC1887E00BEB615 /* Info.plist */,
			);
			path = RainyShinyCloudyTests;
			sourceTree = "<group>";
		};
		790F52AC1DC1887E00BEB615 /* RainyShinyCloudyUITests */ = {
			isa = PBXGroup;
			children = (
				790F52AD1DC1887E00BEB615 /* RainyShinyCloudyUITests.swift */,
				790F52AF1DC1887E00BEB615 /* Info.plist */,
			);
			path = RainyShinyCloudyUITests;
			sourceTree = "<group>";
		};
		FB3046DCC036F3EEA2495787 /* Frameworks */ = {
			isa = PBXGroup;
			children = (
				79537C681DE29B4D00333ACB /* Alamofire.framework */,
				495685B5FF74F08F20D03EC9 /* Pods_RainyShinyCloudy.framework */,
				BD232D18A3A1F63C447393DB /* Pods_RainyShinyCloudyTests.framework */,
				654997913F71E0FCDB8427B2 /* Pods_RainyShinyCloudyUITests.framework */,
				A2AADED9FCEBD4BE6B439A1B /* Pods_RainyShinyCloudy_RainyShinyCloudyTests.framework */,
			);
			name = Frameworks;
			sourceTree = "<group>";
		};
/* End PBXGroup section */

/* Begin PBXNativeTarget section */
		790F52891DC1887D00BEB615 /* RainyShinyCloudy */ = {
			isa = PBXNativeTarget;
			buildConfigurationList = 790F52B21DC1887E00BEB615 /* Build configuration list for PBXNativeTarget "RainyShinyCloudy" */;
			buildPhases = (
				790F52871DC1887D00BEB615 /* Frameworks */,
				790F52861DC1887D00BEB615 /* Sources */,
				67F4F38D0C1073C533F73518 /* [CP] Check Pods Manifest.lock */,
				790F52881DC1887D00BEB615 /* Resources */,
				0DAF1AA3A1435567CA9F3A5E /* [CP] Embed Pods Frameworks */,
				FD83B7F32CC9893AB8E90BBB /* [CP] Copy Pods Resources */,
			);
			buildRules = (
			);
			dependencies = (
			);
			name = RainyShinyCloudy;
			productName = RainyShinyCloudy;
			productReference = 790F528A1DC1887E00BEB615 /* RainyShinyCloudy.app */;
			productType = "com.apple.product-type.application";
		};
		790F529D1DC1887E00BEB615 /* RainyShinyCloudyTests */ = {
			isa = PBXNativeTarget;
			buildConfigurationList = 790F52B51DC1887E00BEB615 /* Build configuration list for PBXNativeTarget "RainyShinyCloudyTests" */;
			buildPhases = (
				83EA17864620E3FB5022398B /* [CP] Check Pods Manifest.lock */,
				790F529A1DC1887E00BEB615 /* Sources */,
				790F529B1DC1887E00BEB615 /* Frameworks */,
				790F529C1DC1887E00BEB615 /* Resources */,
				B2F495427CDCBFD19D6D5B34 /* [CP] Embed Pods Frameworks */,
				7B6A98699311522A44CFD36E /* [CP] Copy Pods Resources */,
			);
			buildRules = (
			);
			dependencies = (
				790F52A01DC1887E00BEB615 /* PBXTargetDependency */,
			);
			name = RainyShinyCloudyTests;
			productName = RainyShinyCloudyTests;
			productReference = 790F529E1DC1887E00BEB615 /* RainyShinyCloudyTests.xctest */;
			productType = "com.apple.product-type.bundle.unit-test";
		};
		790F52A81DC1887E00BEB615 /* RainyShinyCloudyUITests */ = {
			isa = PBXNativeTarget;
			buildConfigurationList = 790F52B81DC1887E00BEB615 /* Build configuration list for PBXNativeTarget "RainyShinyCloudyUITests" */;
			buildPhases = (
				2B0824337B237E3F9FCB0C08 /* [CP] Check Pods Manifest.lock */,
				790F52A51DC1887E00BEB615 /* Sources */,
				790F52A61DC1887E00BEB615 /* Frameworks */,
				790F52A71DC1887E00BEB615 /* Resources */,
				928EE701F7DB7F901D697BCC /* [CP] Embed Pods Frameworks */,
				1E35403062F4EC973D33C420 /* [CP] Copy Pods Resources */,
			);
			buildRules = (
			);
			dependencies = (
				790F52AB1DC1887E00BEB615 /* PBXTargetDependency */,
			);
			name = RainyShinyCloudyUITests;
			productName = RainyShinyCloudyUITests;
			productReference = 790F52A91DC1887E00BEB615 /* RainyShinyCloudyUITests.xctest */;
			productType = "com.apple.product-type.bundle.ui-testing";
		};
/* End PBXNativeTarget section */

/* Begin PBXProject section */
		790F52821DC1887D00BEB615 /* Project object */ = {
			isa = PBXProject;
			attributes = {
				LastSwiftUpdateCheck = 0800;
				LastUpgradeCheck = 0800;
				ORGANIZATIONNAME = "Shane Mckenzie";
				TargetAttributes = {
					790F52891DC1887D00BEB615 = {
						CreatedOnToolsVersion = 8.0;
						DevelopmentTeam = 3KSER7S966;
						ProvisioningStyle = Automatic;
					};
					790F529D1DC1887E00BEB615 = {
						CreatedOnToolsVersion = 8.0;
						DevelopmentTeam = 3KSER7S966;
						ProvisioningStyle = Automatic;
						TestTargetID = 790F52891DC1887D00BEB615;
					};
					790F52A81DC1887E00BEB615 = {
						CreatedOnToolsVersion = 8.0;
						DevelopmentTeam = 3KSER7S966;
						ProvisioningStyle = Automatic;
						TestTargetID = 790F52891DC1887D00BEB615;
					};
				};
			};
			buildConfigurationList = 790F52851DC1887D00BEB615 /* Build configuration list for PBXProject "RainyShinyCloudy" */;
			compatibilityVersion = "Xcode 3.2";
			developmentRegion = English;
			hasScannedForEncodings = 0;
			knownRegions = (
				en,
				Base,
			);
			mainGroup = 790F52811DC1887D00BEB615;
			productRefGroup = 790F528B1DC1887E00BEB615 /* Products */;
			projectDirPath = "";
			projectRoot = "";
			targets = (
				790F52891DC1887D00BEB615 /* RainyShinyCloudy */,
				790F529D1DC1887E00BEB615 /* RainyShinyCloudyTests */,
				790F52A81DC1887E00BEB615 /* RainyShinyCloudyUITests */,
			);
		};
/* End PBXProject section */

/* Begin PBXResourcesBuildPhase section */
		790F52881DC1887D00BEB615 /* Resources */ = {
			isa = PBXResourcesBuildPhase;
			buildActionMask = 2147483647;
			files = (
				790F52981DC1887E00BEB615 /* LaunchScreen.storyboard in Resources */,
				790F52951DC1887E00BEB615 /* Assets.xcassets in Resources */,
				790F52931DC1887E00BEB615 /* Main.storyboard in Resources */,
			);
			runOnlyForDeploymentPostprocessing = 0;
		};
		790F529C1DC1887E00BEB615 /* Resources */ = {
			isa = PBXResourcesBuildPhase;
			buildActionMask = 2147483647;
			files = (
			);
			runOnlyForDeploymentPostprocessing = 0;
		};
		790F52A71DC1887E00BEB615 /* Resources */ = {
			isa = PBXResourcesBuildPhase;
			buildActionMask = 2147483647;
			files = (
			);
			runOnlyForDeploymentPostprocessing = 0;
		};
/* End PBXResourcesBuildPhase section */

/* Begin PBXShellScriptBuildPhase section */
		0DAF1AA3A1435567CA9F3A5E /* [CP] Embed Pods Frameworks */ = {
			isa = PBXShellScriptBuildPhase;
			buildActionMask = 2147483647;
			files = (
			);
			inputPaths = (
			);
			name = "[CP] Embed Pods Frameworks";
			outputPaths = (
			);
			runOnlyForDeploymentPostprocessing = 0;
			shellPath = /bin/sh;
			shellScript = "\"${SRCROOT}/Pods/Target Support Files/Pods-RainyShinyCloudy/Pods-RainyShinyCloudy-frameworks.sh\"\n";
			showEnvVarsInLog = 0;
		};
		1E35403062F4EC973D33C420 /* [CP] Copy Pods Resources */ = {
			isa = PBXShellScriptBuildPhase;
			buildActionMask = 2147483647;
			files = (
			);
			inputPaths = (
			);
			name = "[CP] Copy Pods Resources";
			outputPaths = (
			);
			runOnlyForDeploymentPostprocessing = 0;
			shellPath = /bin/sh;
			shellScript = "\"${SRCROOT}/Pods/Target Support Files/Pods-RainyShinyCloudyUITests/Pods-RainyShinyCloudyUITests-resources.sh\"\n";
			showEnvVarsInLog = 0;
		};
		2B0824337B237E3F9FCB0C08 /* [CP] Check Pods Manifest.lock */ = {
			isa = PBXShellScriptBuildPhase;
			buildActionMask = 2147483647;
			files = (
			);
			inputPaths = (
			);
			name = "[CP] Check Pods Manifest.lock";
			outputPaths = (
			);
			runOnlyForDeploymentPostprocessing = 0;
			shellPath = /bin/sh;
			shellScript = "diff \"${PODS_ROOT}/../Podfile.lock\" \"${PODS_ROOT}/Manifest.lock\" > /dev/null\nif [ $? != 0 ] ; then\n    # print error to STDERR\n    echo \"error: The sandbox is not in sync with the Podfile.lock. Run 'pod install' or update your CocoaPods installation.\" >&2\n    exit 1\nfi\n";
			showEnvVarsInLog = 0;
		};
		67F4F38D0C1073C533F73518 /* [CP] Check Pods Manifest.lock */ = {
			isa = PBXShellScriptBuildPhase;
			buildActionMask = 2147483647;
			files = (
			);
			inputPaths = (
			);
			name = "[CP] Check Pods Manifest.lock";
			outputPaths = (
			);
			runOnlyForDeploymentPostprocessing = 0;
			shellPath = /bin/sh;
			shellScript = "diff \"${PODS_ROOT}/../Podfile.lock\" \"${PODS_ROOT}/Manifest.lock\" > /dev/null\nif [ $? != 0 ] ; then\n    # print error to STDERR\n    echo \"error: The sandbox is not in sync with the Podfile.lock. Run 'pod install' or update your CocoaPods installation.\" >&2\n    exit 1\nfi\n";
			showEnvVarsInLog = 0;
		};
		7B6A98699311522A44CFD36E /* [CP] Copy Pods Resources */ = {
			isa = PBXShellScriptBuildPhase;
			buildActionMask = 2147483647;
			files = (
			);
			inputPaths = (
			);
			name = "[CP] Copy Pods Resources";
			outputPaths = (
			);
			runOnlyForDeploymentPostprocessing = 0;
			shellPath = /bin/sh;
			shellScript = "\"${SRCROOT}/Pods/Target Support Files/Pods-RainyShinyCloudy-RainyShinyCloudyTests/Pods-RainyShinyCloudy-RainyShinyCloudyTests-resources.sh\"\n";
			showEnvVarsInLog = 0;
		};
		83EA17864620E3FB5022398B /* [CP] Check Pods Manifest.lock */ = {
			isa = PBXShellScriptBuildPhase;
			buildActionMask = 2147483647;
			files = (
			);
			inputPaths = (
			);
			name = "[CP] Check Pods Manifest.lock";
			outputPaths = (
			);
			runOnlyForDeploymentPostprocessing = 0;
			shellPath = /bin/sh;
			shellScript = "diff \"${PODS_ROOT}/../Podfile.lock\" \"${PODS_ROOT}/Manifest.lock\" > /dev/null\nif [ $? != 0 ] ; then\n    # print error to STDERR\n    echo \"error: The sandbox is not in sync with the Podfile.lock. Run 'pod install' or update your CocoaPods installation.\" >&2\n    exit 1\nfi\n";
			showEnvVarsInLog = 0;
		};
		928EE701F7DB7F901D697BCC /* [CP] Embed Pods Frameworks */ = {
			isa = PBXShellScriptBuildPhase;
			buildActionMask = 2147483647;
			files = (
			);
			inputPaths = (
			);
			name = "[CP] Embed Pods Frameworks";
			outputPaths = (
			);
			runOnlyForDeploymentPostprocessing = 0;
			shellPath = /bin/sh;
			shellScript = "\"${SRCROOT}/Pods/Target Support Files/Pods-RainyShinyCloudyUITests/Pods-RainyShinyCloudyUITests-frameworks.sh\"\n";
			showEnvVarsInLog = 0;
		};
		B2F495427CDCBFD19D6D5B34 /* [CP] Embed Pods Frameworks */ = {
			isa = PBXShellScriptBuildPhase;
			buildActionMask = 2147483647;
			files = (
			);
			inputPaths = (
			);
			name = "[CP] Embed Pods Frameworks";
			outputPaths = (
			);
			runOnlyForDeploymentPostprocessing = 0;
			shellPath = /bin/sh;
			shellScript = "\"${SRCROOT}/Pods/Target Support Files/Pods-RainyShinyCloudy-RainyShinyCloudyTests/Pods-RainyShinyCloudy-RainyShinyCloudyTests-frameworks.sh\"\n";
			showEnvVarsInLog = 0;
		};
		FD83B7F32CC9893AB8E90BBB /* [CP] Copy Pods Resources */ = {
			isa = PBXShellScriptBuildPhase;
			buildActionMask = 2147483647;
			files = (
			);
			inputPaths = (
			);
			name = "[CP] Copy Pods Resources";
			outputPaths = (
			);
			runOnlyForDeploymentPostprocessing = 0;
			shellPath = /bin/sh;
			shellScript = "\"${SRCROOT}/Pods/Target Support Files/Pods-RainyShinyCloudy/Pods-RainyShinyCloudy-resources.sh\"\n";
			showEnvVarsInLog = 0;
		};
/* End PBXShellScriptBuildPhase section */

/* Begin PBXSourcesBuildPhase section */
		790F52861DC1887D00BEB615 /* Sources */ = {
			isa = PBXSourcesBuildPhase;
			buildActionMask = 2147483647;
			files = (
				790F52901DC1887E00BEB615 /* WeatherVC.swift in Sources */,
				790F528E1DC1887E00BEB615 /* AppDelegate.swift in Sources */,
				793C1B011DCF8A4D0070CA50 /* CurrentWeather.swift in Sources */,
				793C1AFF1DCF88480070CA50 /* Constants.swift in Sources */,
			);
			runOnlyForDeploymentPostprocessing = 0;
		};
		790F529A1DC1887E00BEB615 /* Sources */ = {
			isa = PBXSourcesBuildPhase;
			buildActionMask = 2147483647;
			files = (
				790F52A31DC1887E00BEB615 /* RainyShinyCloudyTests.swift in Sources */,
			);
			runOnlyForDeploymentPostprocessing = 0;
		};
		790F52A51DC1887E00BEB615 /* Sources */ = {
			isa = PBXSourcesBuildPhase;
			buildActionMask = 2147483647;
			files = (
				790F52AE1DC1887E00BEB615 /* RainyShinyCloudyUITests.swift in Sources */,
			);
			runOnlyForDeploymentPostprocessing = 0;
		};
/* End PBXSourcesBuildPhase section */

/* Begin PBXTargetDependency section */
		790F52A01DC1887E00BEB615 /* PBXTargetDependency */ = {
			isa = PBXTargetDependency;
			target = 790F52891DC1887D00BEB615 /* RainyShinyCloudy */;
			targetProxy = 790F529F1DC1887E00BEB615 /* PBXContainerItemProxy */;
		};
		790F52AB1DC1887E00BEB615 /* PBXTargetDependency */ = {
			isa = PBXTargetDependency;
			target = 790F52891DC1887D00BEB615 /* RainyShinyCloudy */;
			targetProxy = 790F52AA1DC1887E00BEB615 /* PBXContainerItemProxy */;
		};
/* End PBXTargetDependency section */

/* Begin PBXVariantGroup section */
		790F52911DC1887E00BEB615 /* Main.storyboard */ = {
			isa = PBXVariantGroup;
			children = (
				790F52921DC1887E00BEB615 /* Base */,
			);
			name = Main.storyboard;
			sourceTree = "<group>";
		};
		790F52961DC1887E00BEB615 /* LaunchScreen.storyboard */ = {
			isa = PBXVariantGroup;
			children = (
				790F52971DC1887E00BEB615 /* Base */,
			);
			name = LaunchScreen.storyboard;
			sourceTree = "<group>";
		};
/* End PBXVariantGroup section */

/* Begin XCBuildConfiguration section */
		790F52B01DC1887E00BEB615 /* Debug */ = {
			isa = XCBuildConfiguration;
			buildSettings = {
				ALWAYS_EMBED_SWIFT_STANDARD_LIBRARIES = "$(inherited)";
				ALWAYS_SEARCH_USER_PATHS = NO;
				CLANG_ANALYZER_NONNULL = YES;
				CLANG_CXX_LANGUAGE_STANDARD = "gnu++0x";
				CLANG_CXX_LIBRARY = "libc++";
				CLANG_ENABLE_MODULES = YES;
				CLANG_ENABLE_OBJC_ARC = YES;
				CLANG_WARN_BOOL_CONVERSION = YES;
				CLANG_WARN_CONSTANT_CONVERSION = YES;
				CLANG_WARN_DIRECT_OBJC_ISA_USAGE = YES_ERROR;
				CLANG_WARN_DOCUMENTATION_COMMENTS = YES;
				CLANG_WARN_EMPTY_BODY = YES;
				CLANG_WARN_ENUM_CONVERSION = YES;
				CLANG_WARN_INFINITE_RECURSION = YES;
				CLANG_WARN_INT_CONVERSION = YES;
				CLANG_WARN_OBJC_ROOT_CLASS = YES_ERROR;
				CLANG_WARN_SUSPICIOUS_MOVES = YES;
				CLANG_WARN_UNREACHABLE_CODE = YES;
				CLANG_WARN__DUPLICATE_METHOD_MATCH = YES;
				"CODE_SIGN_IDENTITY[sdk=iphoneos*]" = "iPhone Developer";
				COPY_PHASE_STRIP = NO;
				DEBUG_INFORMATION_FORMAT = dwarf;
				ENABLE_STRICT_OBJC_MSGSEND = YES;
				ENABLE_TESTABILITY = YES;
				GCC_C_LANGUAGE_STANDARD = gnu99;
				GCC_DYNAMIC_NO_PIC = NO;
				GCC_NO_COMMON_BLOCKS = YES;
				GCC_OPTIMIZATION_LEVEL = 0;
				GCC_PREPROCESSOR_DEFINITIONS = (
					"DEBUG=1",
					"$(inherited)",
				);
				GCC_WARN_64_TO_32_BIT_CONVERSION = YES;
				GCC_WARN_ABOUT_RETURN_TYPE = YES_ERROR;
				GCC_WARN_UNDECLARED_SELECTOR = YES;
				GCC_WARN_UNINITIALIZED_AUTOS = YES_AGGRESSIVE;
				GCC_WARN_UNUSED_FUNCTION = YES;
				GCC_WARN_UNUSED_VARIABLE = YES;
				IPHONEOS_DEPLOYMENT_TARGET = 10.0;
				MTL_ENABLE_DEBUG_INFO = YES;
				ONLY_ACTIVE_ARCH = YES;
				SDKROOT = iphoneos;
				SWIFT_ACTIVE_COMPILATION_CONDITIONS = DEBUG;
				SWIFT_OPTIMIZATION_LEVEL = "-Onone";
				TARGETED_DEVICE_FAMILY = "1,2";
			};
			name = Debug;
		};
		790F52B11DC1887E00BEB615 /* Release */ = {
			isa = XCBuildConfiguration;
			buildSettings = {
				ALWAYS_EMBED_SWIFT_STANDARD_LIBRARIES = "$(inherited)";
				ALWAYS_SEARCH_USER_PATHS = NO;
				CLANG_ANALYZER_NONNULL = YES;
				CLANG_CXX_LANGUAGE_STANDARD = "gnu++0x";
				CLANG_CXX_LIBRARY = "libc++";
				CLANG_ENABLE_MODULES = YES;
				CLANG_ENABLE_OBJC_ARC = YES;
				CLANG_WARN_BOOL_CONVERSION = YES;
				CLANG_WARN_CONSTANT_CONVERSION = YES;
				CLANG_WARN_DIRECT_OBJC_ISA_USAGE = YES_ERROR;
				CLANG_WARN_DOCUMENTATION_COMMENTS = YES;
				CLANG_WARN_EMPTY_BODY = YES;
				CLANG_WARN_ENUM_CONVERSION = YES;
				CLANG_WARN_INFINITE_RECURSION = YES;
				CLANG_WARN_INT_CONVERSION = YES;
				CLANG_WARN_OBJC_ROOT_CLASS = YES_ERROR;
				CLANG_WARN_SUSPICIOUS_MOVES = YES;
				CLANG_WARN_UNREACHABLE_CODE = YES;
				CLANG_WARN__DUPLICATE_METHOD_MATCH = YES;
				"CODE_SIGN_IDENTITY[sdk=iphoneos*]" = "iPhone Developer";
				COPY_PHASE_STRIP = NO;
				DEBUG_INFORMATION_FORMAT = "dwarf-with-dsym";
				ENABLE_NS_ASSERTIONS = NO;
				ENABLE_STRICT_OBJC_MSGSEND = YES;
				GCC_C_LANGUAGE_STANDARD = gnu99;
				GCC_NO_COMMON_BLOCKS = YES;
				GCC_WARN_64_TO_32_BIT_CONVERSION = YES;
				GCC_WARN_ABOUT_RETURN_TYPE = YES_ERROR;
				GCC_WARN_UNDECLARED_SELECTOR = YES;
				GCC_WARN_UNINITIALIZED_AUTOS = YES_AGGRESSIVE;
				GCC_WARN_UNUSED_FUNCTION = YES;
				GCC_WARN_UNUSED_VARIABLE = YES;
				IPHONEOS_DEPLOYMENT_TARGET = 10.0;
				MTL_ENABLE_DEBUG_INFO = NO;
				SDKROOT = iphoneos;
				SWIFT_OPTIMIZATION_LEVEL = "-Owholemodule";
				TARGETED_DEVICE_FAMILY = "1,2";
				VALIDATE_PRODUCT = YES;
			};
			name = Release;
		};
		790F52B31DC1887E00BEB615 /* Debug */ = {
			isa = XCBuildConfiguration;
			baseConfigurationReference = 00A3F3E28D480E0B3A43AC29 /* Pods-RainyShinyCloudy.debug.xcconfig */;
			buildSettings = {
				ALWAYS_EMBED_SWIFT_STANDARD_LIBRARIES = "$(inherited)";
				ASSETCATALOG_COMPILER_APPICON_NAME = AppIcon;
				DEVELOPMENT_TEAM = 3KSER7S966;
				FRAMEWORK_SEARCH_PATHS = (
					"$(inherited)",
					"$(PROJECT_DIR)/build/Release-iphoneos/Alamofire",
				);
				INFOPLIST_FILE = RainyShinyCloudy/Info.plist;
				LD_RUNPATH_SEARCH_PATHS = "$(inherited) @executable_path/Frameworks";
				PRODUCT_BUNDLE_IDENTIFIER = "Shane-McKenzie.RainyShinyCloudy";
				PRODUCT_NAME = "$(TARGET_NAME)";
				SWIFT_VERSION = 3.0;
			};
			name = Debug;
		};
		790F52B41DC1887E00BEB615 /* Release */ = {
			isa = XCBuildConfiguration;
			baseConfigurationReference = C2D125684DF298C8F58B0E01 /* Pods-RainyShinyCloudy.release.xcconfig */;
			buildSettings = {
				ALWAYS_EMBED_SWIFT_STANDARD_LIBRARIES = "$(inherited)";
				ASSETCATALOG_COMPILER_APPICON_NAME = AppIcon;
				DEVELOPMENT_TEAM = 3KSER7S966;
				FRAMEWORK_SEARCH_PATHS = (
					"$(inherited)",
					"$(PROJECT_DIR)/build/Release-iphoneos/Alamofire",
				);
				INFOPLIST_FILE = RainyShinyCloudy/Info.plist;
				LD_RUNPATH_SEARCH_PATHS = "$(inherited) @executable_path/Frameworks";
				PRODUCT_BUNDLE_IDENTIFIER = "Shane-McKenzie.RainyShinyCloudy";
				PRODUCT_NAME = "$(TARGET_NAME)";
				SWIFT_VERSION = 3.0;
			};
			name = Release;
		};
		790F52B61DC1887E00BEB615 /* Debug */ = {
			isa = XCBuildConfiguration;
			baseConfigurationReference = 5E0D739A6B2005C4A2B27635 /* Pods-RainyShinyCloudy-RainyShinyCloudyTests.debug.xcconfig */;
			buildSettings = {
				ALWAYS_EMBED_SWIFT_STANDARD_LIBRARIES = YES;
				BUNDLE_LOADER = "$(TEST_HOST)";
				DEVELOPMENT_TEAM = 3KSER7S966;
				INFOPLIST_FILE = RainyShinyCloudyTests/Info.plist;
				LD_RUNPATH_SEARCH_PATHS = "$(inherited) @executable_path/Frameworks @loader_path/Frameworks";
				PRODUCT_BUNDLE_IDENTIFIER = "Shane-McKenzie.RainyShinyCloudyTests";
				PRODUCT_NAME = "$(TARGET_NAME)";
				SWIFT_VERSION = 3.0;
				TEST_HOST = "$(BUILT_PRODUCTS_DIR)/RainyShinyCloudy.app/RainyShinyCloudy";
			};
			name = Debug;
		};
		790F52B71DC1887E00BEB615 /* Release */ = {
			isa = XCBuildConfiguration;
			baseConfigurationReference = C74871D2B04DA98FBFF7EDAA /* Pods-RainyShinyCloudy-RainyShinyCloudyTests.release.xcconfig */;
			buildSettings = {
				ALWAYS_EMBED_SWIFT_STANDARD_LIBRARIES = YES;
				BUNDLE_LOADER = "$(TEST_HOST)";
				DEVELOPMENT_TEAM = 3KSER7S966;
				INFOPLIST_FILE = RainyShinyCloudyTests/Info.plist;
				LD_RUNPATH_SEARCH_PATHS = "$(inherited) @executable_path/Frameworks @loader_path/Frameworks";
				PRODUCT_BUNDLE_IDENTIFIER = "Shane-McKenzie.RainyShinyCloudyTests";
				PRODUCT_NAME = "$(TARGET_NAME)";
				SWIFT_VERSION = 3.0;
				TEST_HOST = "$(BUILT_PRODUCTS_DIR)/RainyShinyCloudy.app/RainyShinyCloudy";
			};
			name = Release;
		};
		790F52B91DC1887E00BEB615 /* Debug */ = {
			isa = XCBuildConfiguration;
			baseConfigurationReference = 859A48627139F88231663175 /* Pods-RainyShinyCloudyUITests.debug.xcconfig */;
			buildSettings = {
				ALWAYS_EMBED_SWIFT_STANDARD_LIBRARIES = YES;
				DEVELOPMENT_TEAM = 3KSER7S966;
				INFOPLIST_FILE = RainyShinyCloudyUITests/Info.plist;
				LD_RUNPATH_SEARCH_PATHS = "$(inherited) @executable_path/Frameworks @loader_path/Frameworks";
				PRODUCT_BUNDLE_IDENTIFIER = "Shane-McKenzie.RainyShinyCloudyUITests";
				PRODUCT_NAME = "$(TARGET_NAME)";
				SWIFT_VERSION = 3.0;
				TEST_TARGET_NAME = RainyShinyCloudy;
			};
			name = Debug;
		};
		790F52BA1DC1887E00BEB615 /* Release */ = {
			isa = XCBuildConfiguration;
			baseConfigurationReference = DFCD2532945D38667BD26038 /* Pods-RainyShinyCloudyUITests.release.xcconfig */;
			buildSettings = {
				ALWAYS_EMBED_SWIFT_STANDARD_LIBRARIES = YES;
				DEVELOPMENT_TEAM = 3KSER7S966;
				INFOPLIST_FILE = RainyShinyCloudyUITests/Info.plist;
				LD_RUNPATH_SEARCH_PATHS = "$(inherited) @executable_path/Frameworks @loader_path/Frameworks";
				PRODUCT_BUNDLE_IDENTIFIER = "Shane-McKenzie.RainyShinyCloudyUITests";
				PRODUCT_NAME = "$(TARGET_NAME)";
				SWIFT_VERSION = 3.0;
				TEST_TARGET_NAME = RainyShinyCloudy;
			};
			name = Release;
		};
/* End XCBuildConfiguration section */

/* Begin XCConfigurationList section */
		790F52851DC1887D00BEB615 /* Build configuration list for PBXProject "RainyShinyCloudy" */ = {
			isa = XCConfigurationList;
			buildConfigurations = (
				790F52B01DC1887E00BEB615 /* Debug */,
				790F52B11DC1887E00BEB615 /* Release */,
			);
			defaultConfigurationIsVisible = 0;
			defaultConfigurationName = Release;
		};
		790F52B21DC1887E00BEB615 /* Build configuration list for PBXNativeTarget "RainyShinyCloudy" */ = {
			isa = XCConfigurationList;
			buildConfigurations = (
				790F52B31DC1887E00BEB615 /* Debug */,
				790F52B41DC1887E00BEB615 /* Release */,
			);
			defaultConfigurationIsVisible = 0;
			defaultConfigurationName = Release;
		};
		790F52B51DC1887E00BEB615 /* Build configuration list for PBXNativeTarget "RainyShinyCloudyTests" */ = {
			isa = XCConfigurationList;
			buildConfigurations = (
				790F52B61DC1887E00BEB615 /* Debug */,
				790F52B71DC1887E00BEB615 /* Release */,
			);
			defaultConfigurationIsVisible = 0;
			defaultConfigurationName = Release;
		};
		790F52B81DC1887E00BEB615 /* Build configuration list for PBXNativeTarget "RainyShinyCloudyUITests" */ = {
			isa = XCConfigurationList;
			buildConfigurations = (
				790F52B91DC1887E00BEB615 /* Debug */,
				790F52BA1DC1887E00BEB615 /* Release */,
			);
			defaultConfigurationIsVisible = 0;
			defaultConfigurationName = Release;
		};
/* End XCConfigurationList section */
	};
	rootObject = 790F52821DC1887D00BEB615 /* Project object */;
}
